{
  "object": {
    "pins": [
      {
        "package": "swift-nio",
        "repositoryURL": "/Users/lihanguang/dev_kit/sdk/swift_source/readdle/swift-nio",
        "state": {
          "branch": null,
          "revision": "8a865bd15e69526cbdfcfd7c47698eb20b2ba951",
          "version": "2.19.0"
        }
      }
    ]
  },
  "version": 1
}
